
Microsoft Visual Studio Solution File, Format Version 12.00
# Visual Studio Version 17
VisualStudioVersion = 17.0.31903.59
MinimumVisualStudioVersion = 10.0.40219.1
Project("{FAE04EC0-301F-11D3-BF4B-00C04F79EFBC}") = "HangfireSample", "HangfireSample\HangfireSample.csproj", "{3A7F4569-4A9D-42FE-8E76-14CD534F89CB}"
EndProject
Project("{FAE04EC0-301F-11D3-BF4B-00C04F79EFBC}") = "Hangfire.TidyDashboard", "Hangfire.TidyDashboard\Hangfire.TidyDashboard.csproj", "{42734FFC-2AF6-4525-9BB3-199CB72D44D7}"
EndProject
Project("{FAE04EC0-301F-11D3-BF4B-00C04F79EFBC}") = "Hangfire.TidyDashboard.SqlServer", "Hangfire.TidyDashboard.SqlServer\Hangfire.TidyDashboard.SqlServer.csproj", "{4C0B8827-3424-46E7-9DE7-083B60519E00}"
EndProject
Global
	GlobalSection(SolutionConfigurationPlatforms) = preSolution
		Debug|Any CPU = Debug|Any CPU
		Release|Any CPU = Release|Any CPU
	EndGlobalSection
	GlobalSection(SolutionProperties) = preSolution
		HideSolutionNode = FALSE
	EndGlobalSection
	GlobalSection(ProjectConfigurationPlatforms) = postSolution
		{3A7F4569-4A9D-42FE-8E76-14CD534F89CB}.Debug|Any CPU.ActiveCfg = Debug|Any CPU
		{3A7F4569-4A9D-42FE-8E76-14CD534F89CB}.Debug|Any CPU.Build.0 = Debug|Any CPU
		{3A7F4569-4A9D-42FE-8E76-14CD534F89CB}.Release|Any CPU.ActiveCfg = Release|Any CPU
		{3A7F4569-4A9D-42FE-8E76-14CD534F89CB}.Release|Any CPU.Build.0 = Release|Any CPU
		{42734FFC-2AF6-4525-9BB3-199CB72D44D7}.Debug|Any CPU.ActiveCfg = Debug|Any CPU
		{42734FFC-2AF6-4525-9BB3-199CB72D44D7}.Debug|Any CPU.Build.0 = Debug|Any CPU
		{42734FFC-2AF6-4525-9BB3-199CB72D44D7}.Release|Any CPU.ActiveCfg = Release|Any CPU
		{42734FFC-2AF6-4525-9BB3-199CB72D44D7}.Release|Any CPU.Build.0 = Release|Any CPU
		{4C0B8827-3424-46E7-9DE7-083B60519E00}.Debug|Any CPU.ActiveCfg = Debug|Any CPU
		{4C0B8827-3424-46E7-9DE7-083B60519E00}.Debug|Any CPU.Build.0 = Debug|Any CPU
		{4C0B8827-3424-46E7-9DE7-083B60519E00}.Release|Any CPU.ActiveCfg = Release|Any CPU
		{4C0B8827-3424-46E7-9DE7-083B60519E00}.Release|Any CPU.Build.0 = Release|Any CPU
	EndGlobalSection
EndGlobal
